
Microsoft Visual Studio Solution File, Format Version 12.00
# Visual Studio Version 17
VisualStudioVersion = 17.11.35327.3
MinimumVisualStudioVersion = 10.0.40219.1
Project("{9A19103F-16F7-4668-BE54-9A1E7A4F7556}") = "Gestore Abbonamenti", "Gestore Abbonamenti\Gestore Abbonamenti.csproj", "{A1BAC2D9-001E-44A1-B4BC-E881A1700A31}"
EndProject
Project("{2150E333-8FDC-42A3-9474-1A3956D46DE8}") = "6.GUI", "6.GUI", "{695F3B42-65D7-4AA2-897D-CA1054C02210}"
EndProject
Project("{2150E333-8FDC-42A3-9474-1A3956D46DE8}") = "1.Model", "1.Model", "{40FBF1BB-960B-49CE-9983-DB2C5BEA6C6D}"
EndProject
Project("{9A19103F-16F7-4668-BE54-9A1E7A4F7556}") = "GestoreAbbonamenti.Model", "GestoreAbbonamenti.Model\GestoreAbbonamenti.Model.csproj", "{6033E0C6-1E28-4E2D-B900-6D0764BD138F}"
EndProject
Project("{2150E333-8FDC-42A3-9474-1A3956D46DE8}") = "0.Common", "0.Common", "{F5257523-9D35-41B0-BD6B-4358A743459E}"
EndProject
Project("{9A19103F-16F7-4668-BE54-9A1E7A4F7556}") = "GestoreAbbonamenti.Common", "GestoreAbbonamenti.Common\GestoreAbbonamenti.Common.csproj", "{F03CE718-BD58-491B-BA0B-ACA79254732B}"
EndProject
Project("{2150E333-8FDC-42A3-9474-1A3956D46DE8}") = "2.Data", "2.Data", "{70181209-8E31-4B6C-A49B-BF4A96FBB04E}"
EndProject
Project("{9A19103F-16F7-4668-BE54-9A1E7A4F7556}") = "GestoreAbbonamenti.Data", "GestoreAbbonamenti.Data\GestoreAbbonamenti.Data.csproj", "{C8A64B88-F40D-4A91-9660-A983FF68497A}"
EndProject
Project("{2150E333-8FDC-42A3-9474-1A3956D46DE8}") = "3.Logic", "3.Logic", "{377AE756-9843-4F3B-9069-3D57A8F7A144}"
EndProject
Project("{FAE04EC0-301F-11D3-BF4B-00C04F79EFBC}") = "GestoreAbbonamenti.Logic", "GestoreAbbonamenti.Logic\GestoreAbbonamenti.Logic.csproj", "{FA56CF76-7E9E-4D33-83A4-1F37493599E9}"
EndProject
Global
	GlobalSection(SolutionConfigurationPlatforms) = preSolution
		Debug|Any CPU = Debug|Any CPU
		Release|Any CPU = Release|Any CPU
	EndGlobalSection
	GlobalSection(ProjectConfigurationPlatforms) = postSolution
		{A1BAC2D9-001E-44A1-B4BC-E881A1700A31}.Debug|Any CPU.ActiveCfg = Debug|Any CPU
		{A1BAC2D9-001E-44A1-B4BC-E881A1700A31}.Debug|Any CPU.Build.0 = Debug|Any CPU
		{A1BAC2D9-001E-44A1-B4BC-E881A1700A31}.Release|Any CPU.ActiveCfg = Release|Any CPU
		{A1BAC2D9-001E-44A1-B4BC-E881A1700A31}.Release|Any CPU.Build.0 = Release|Any CPU
		{6033E0C6-1E28-4E2D-B900-6D0764BD138F}.Debug|Any CPU.ActiveCfg = Debug|Any CPU
		{6033E0C6-1E28-4E2D-B900-6D0764BD138F}.Debug|Any CPU.Build.0 = Debug|Any CPU
		{6033E0C6-1E28-4E2D-B900-6D0764BD138F}.Release|Any CPU.ActiveCfg = Release|Any CPU
		{6033E0C6-1E28-4E2D-B900-6D0764BD138F}.Release|Any CPU.Build.0 = Release|Any CPU
		{F03CE718-BD58-491B-BA0B-ACA79254732B}.Debug|Any CPU.ActiveCfg = Debug|Any CPU
		{F03CE718-BD58-491B-BA0B-ACA79254732B}.Debug|Any CPU.Build.0 = Debug|Any CPU
		{F03CE718-BD58-491B-BA0B-ACA79254732B}.Release|Any CPU.ActiveCfg = Release|Any CPU
		{F03CE718-BD58-491B-BA0B-ACA79254732B}.Release|Any CPU.Build.0 = Release|Any CPU
		{C8A64B88-F40D-4A91-9660-A983FF68497A}.Debug|Any CPU.ActiveCfg = Debug|Any CPU
		{C8A64B88-F40D-4A91-9660-A983FF68497A}.Debug|Any CPU.Build.0 = Debug|Any CPU
		{C8A64B88-F40D-4A91-9660-A983FF68497A}.Release|Any CPU.ActiveCfg = Release|Any CPU
		{C8A64B88-F40D-4A91-9660-A983FF68497A}.Release|Any CPU.Build.0 = Release|Any CPU
		{FA56CF76-7E9E-4D33-83A4-1F37493599E9}.Debug|Any CPU.ActiveCfg = Debug|Any CPU
		{FA56CF76-7E9E-4D33-83A4-1F37493599E9}.Debug|Any CPU.Build.0 = Debug|Any CPU
		{FA56CF76-7E9E-4D33-83A4-1F37493599E9}.Release|Any CPU.ActiveCfg = Release|Any CPU
		{FA56CF76-7E9E-4D33-83A4-1F37493599E9}.Release|Any CPU.Build.0 = Release|Any CPU
	EndGlobalSection
	GlobalSection(SolutionProperties) = preSolution
		HideSolutionNode = FALSE
	EndGlobalSection
	GlobalSection(NestedProjects) = preSolution
		{A1BAC2D9-001E-44A1-B4BC-E881A1700A31} = {695F3B42-65D7-4AA2-897D-CA1054C02210}
		{6033E0C6-1E28-4E2D-B900-6D0764BD138F} = {40FBF1BB-960B-49CE-9983-DB2C5BEA6C6D}
		{F03CE718-BD58-491B-BA0B-ACA79254732B} = {F5257523-9D35-41B0-BD6B-4358A743459E}
		{C8A64B88-F40D-4A91-9660-A983FF68497A} = {70181209-8E31-4B6C-A49B-BF4A96FBB04E}
		{FA56CF76-7E9E-4D33-83A4-1F37493599E9} = {377AE756-9843-4F3B-9069-3D57A8F7A144}
	EndGlobalSection
	GlobalSection(ExtensibilityGlobals) = postSolution
		SolutionGuid = {BFFA7552-F8A3-4AE5-BF5D-0DA7B6085104}
	EndGlobalSection
EndGlobal
